
Microsoft Visual Studio Solution File, Format Version 12.00
# Visual Studio Version 17
VisualStudioVersion = 17.10.35013.160
MinimumVisualStudioVersion = 10.0.40219.1
Project("{FAE04EC0-301F-11D3-BF4B-00C04F79EFBC}") = "EvidencePojisteni", "EvidencePojisteni\EvidencePojisteni.csproj", "{ABF0926E-D2D4-4EF5-8544-9530D6A293F6}"
EndProject
Global
	GlobalSection(SolutionConfigurationPlatforms) = preSolution
		Debug|Any CPU = Debug|Any CPU
		Release|Any CPU = Release|Any CPU
	EndGlobalSection
	GlobalSection(ProjectConfigurationPlatforms) = postSolution
		{ABF0926E-D2D4-4EF5-8544-9530D6A293F6}.Debug|Any CPU.ActiveCfg = Debug|Any CPU
		{ABF0926E-D2D4-4EF5-8544-9530D6A293F6}.Debug|Any CPU.Build.0 = Debug|Any CPU
		{ABF0926E-D2D4-4EF5-8544-9530D6A293F6}.Release|Any CPU.ActiveCfg = Release|Any CPU
		{ABF0926E-D2D4-4EF5-8544-9530D6A293F6}.Release|Any CPU.Build.0 = Release|Any CPU
	EndGlobalSection
	GlobalSection(SolutionProperties) = preSolution
		HideSolutionNode = FALSE
	EndGlobalSection
	GlobalSection(ExtensibilityGlobals) = postSolution
		SolutionGuid = {A4BD9F7C-ED59-4F0E-87E1-252C6E8A9C85}
	EndGlobalSection
EndGlobal
